
Microsoft Visual Studio Solution File, Format Version 12.00
# Visual Studio Version 16
VisualStudioVersion = 16.0.31129.286
MinimumVisualStudioVersion = 10.0.40219.1
Project("{FAE04EC0-301F-11D3-BF4B-00C04F79EFBC}") = "InfoClient", "InfoClient\InfoClient.csproj", "{13E7BA61-6476-4444-A764-E1B2EA47FE21}"
EndProject
Global
	GlobalSection(SolutionConfigurationPlatforms) = preSolution
		Debug|Any CPU = Debug|Any CPU
		Release|Any CPU = Release|Any CPU
	EndGlobalSection
	GlobalSection(ProjectConfigurationPlatforms) = postSolution
		{13E7BA61-6476-4444-A764-E1B2EA47FE21}.Debug|Any CPU.ActiveCfg = Debug|Any CPU
		{13E7BA61-6476-4444-A764-E1B2EA47FE21}.Debug|Any CPU.Build.0 = Debug|Any CPU
		{13E7BA61-6476-4444-A764-E1B2EA47FE21}.Release|Any CPU.ActiveCfg = Release|Any CPU
		{13E7BA61-6476-4444-A764-E1B2EA47FE21}.Release|Any CPU.Build.0 = Release|Any CPU
	EndGlobalSection
	GlobalSection(SolutionProperties) = preSolution
		HideSolutionNode = FALSE
	EndGlobalSection
	GlobalSection(ExtensibilityGlobals) = postSolution
		SolutionGuid = {428CD8F2-4978-4FD9-95A2-0522F837D36C}
	EndGlobalSection
EndGlobal
